
Microsoft Visual Studio Solution File, Format Version 12.00
# Visual Studio 2013
VisualStudioVersion = 12.0.21005.1
MinimumVisualStudioVersion = 10.0.40219.1
Project("{FAE04EC0-301F-11D3-BF4B-00C04F79EFBC}") = "ProjectManager.WebUI", "ProjectManager.WebUI\ProjectManager.WebUI.csproj", "{7B700DEC-E332-4013-B0B1-FF9D5C3D3696}"
EndProject
Project("{FAE04EC0-301F-11D3-BF4B-00C04F79EFBC}") = "ProjectManager.Domain", "ProjectManager.Domain\ProjectManager.Domain.csproj", "{1CDC8327-0160-4147-B41F-824FEBE3C518}"
EndProject
Global
	GlobalSection(SolutionConfigurationPlatforms) = preSolution
		Debug|Any CPU = Debug|Any CPU
		Release|Any CPU = Release|Any CPU
	EndGlobalSection
	GlobalSection(ProjectConfigurationPlatforms) = postSolution
		{7B700DEC-E332-4013-B0B1-FF9D5C3D3696}.Debug|Any CPU.ActiveCfg = Debug|Any CPU
		{7B700DEC-E332-4013-B0B1-FF9D5C3D3696}.Debug|Any CPU.Build.0 = Debug|Any CPU
		{7B700DEC-E332-4013-B0B1-FF9D5C3D3696}.Release|Any CPU.ActiveCfg = Release|Any CPU
		{7B700DEC-E332-4013-B0B1-FF9D5C3D3696}.Release|Any CPU.Build.0 = Release|Any CPU
		{1CDC8327-0160-4147-B41F-824FEBE3C518}.Debug|Any CPU.ActiveCfg = Debug|Any CPU
		{1CDC8327-0160-4147-B41F-824FEBE3C518}.Debug|Any CPU.Build.0 = Debug|Any CPU
		{1CDC8327-0160-4147-B41F-824FEBE3C518}.Release|Any CPU.ActiveCfg = Release|Any CPU
		{1CDC8327-0160-4147-B41F-824FEBE3C518}.Release|Any CPU.Build.0 = Release|Any CPU
	EndGlobalSection
	GlobalSection(SolutionProperties) = preSolution
		HideSolutionNode = FALSE
	EndGlobalSection
EndGlobal
